
Microsoft Visual Studio Solution File, Format Version 12.00
# Visual Studio Version 17
VisualStudioVersion = 17.11.35327.3
MinimumVisualStudioVersion = 10.0.40219.1
Project("{00D1A9C2-B5F0-4AF3-8072-F6C62B433612}") = "DB_BI_Projects", "DB_BI_Projects.sqlproj", "{4261EA34-CE32-442F-9802-B55A7F7ED61E}"
EndProject
Global
	GlobalSection(SolutionConfigurationPlatforms) = preSolution
		Debug|Any CPU = Debug|Any CPU
		Release|Any CPU = Release|Any CPU
	EndGlobalSection
	GlobalSection(ProjectConfigurationPlatforms) = postSolution
		{4261EA34-CE32-442F-9802-B55A7F7ED61E}.Debug|Any CPU.ActiveCfg = Debug|Any CPU
		{4261EA34-CE32-442F-9802-B55A7F7ED61E}.Debug|Any CPU.Build.0 = Debug|Any CPU
		{4261EA34-CE32-442F-9802-B55A7F7ED61E}.Debug|Any CPU.Deploy.0 = Debug|Any CPU
		{4261EA34-CE32-442F-9802-B55A7F7ED61E}.Release|Any CPU.ActiveCfg = Release|Any CPU
		{4261EA34-CE32-442F-9802-B55A7F7ED61E}.Release|Any CPU.Build.0 = Release|Any CPU
		{4261EA34-CE32-442F-9802-B55A7F7ED61E}.Release|Any CPU.Deploy.0 = Release|Any CPU
	EndGlobalSection
	GlobalSection(SolutionProperties) = preSolution
		HideSolutionNode = FALSE
	EndGlobalSection
	GlobalSection(ExtensibilityGlobals) = postSolution
		SolutionGuid = {13D22503-9FEB-4D79-882D-9693F82A0A87}
	EndGlobalSection
EndGlobal
